// !$*UTF8*$!
{
	archiveVersion = 1;
	classes = {
	};
	objectVersion = 55;
	objects = {

/* Begin PBXBuildFile section */
		1A37776D281854C20038F1DC /* SwiftUIStacksApp.swift in Sources */ = {isa = PBXBuildFile; fileRef = 1A37776C281854C20038F1DC /* SwiftUIStacksApp.swift */; };
		1A37776F281854C20038F1DC /* ContentView.swift in Sources */ = {isa = PBXBuildFile; fileRef = 1A37776E281854C20038F1DC /* ContentView.swift */; };
		1A377771281854C30038F1DC /* Assets.xcassets in Resources */ = {isa = PBXBuildFile; fileRef = 1A377770281854C30038F1DC /* Assets.xcassets */; };
		1A377774281854C30038F1DC /* Preview Assets.xcassets in Resources */ = {isa = PBXBuildFile; fileRef = 1A377773281854C30038F1DC /* Preview Assets.xcassets */; };
		1A37777E281854C30038F1DC /* SwiftUIStacksTests.swift in Sources */ = {isa = PBXBuildFile; fileRef = 1A37777D281854C30038F1DC /* SwiftUIStacksTests.swift */; };
		1A377788281854C30038F1DC /* SwiftUIStacksUITests.swift in Sources */ = {isa = PBXBuildFile; fileRef = 1A377787281854C30038F1DC /* SwiftUIStacksUITests.swift */; };
		1A37778A281854C30038F1DC /* SwiftUIStacksUITestsLaunchTests.swift in Sources */ = {isa = PBXBuildFile; fileRef = 1A377789281854C30038F1DC /* SwiftUIStacksUITestsLaunchTests.swift */; };
/* End PBXBuildFile section */

/* Begin PBXContainerItemProxy section */
		1A37777A281854C30038F1DC /* PBXContainerItemProxy */ = {
			isa = PBXContainerItemProxy;
			containerPortal = 1A377761281854C20038F1DC /* Project object */;
			proxyType = 1;
			remoteGlobalIDString = 1A377768281854C20038F1DC;
			remoteInfo = SwiftUIStacks;
		};
		1A377784281854C30038F1DC /* PBXContainerItemProxy */ = {
			isa = PBXContainerItemProxy;
			containerPortal = 1A377761281854C20038F1DC /* Project object */;
			proxyType = 1;
			remoteGlobalIDString = 1A377768281854C20038F1DC;
			remoteInfo = SwiftUIStacks;
		};
/* End PBXContainerItemProxy section */

/* Begin PBXFileReference section */
		1A377769281854C20038F1DC /* SwiftUIStacks.app */ = {isa = PBXFileReference; explicitFileType = wrapper.application; includeInIndex = 0; path = SwiftUIStacks.app; sourceTree = BUILT_PRODUCTS_DIR; };
		1A37776C281854C20038F1DC /* SwiftUIStacksApp.swift */ = {isa = PBXFileReference; lastKnownFileType = sourcecode.swift; path = SwiftUIStacksApp.swift; sourceTree = "<group>"; };
		1A37776E281854C20038F1DC /* ContentView.swift */ = {isa = PBXFileReference; lastKnownFileType = sourcecode.swift; path = ContentView.swift; sourceTree = "<group>"; };
		1A377770281854C30038F1DC /* Assets.xcassets */ = {isa = PBXFileReference; lastKnownFileType = folder.assetcatalog; path = Assets.xcassets; sourceTree = "<group>"; };
		1A377773281854C30038F1DC /* Preview Assets.xcassets */ = {isa = PBXFileReference; lastKnownFileType = folder.assetcatalog; path = "Preview Assets.xcassets"; sourceTree = "<group>"; };
		1A377779281854C30038F1DC /* SwiftUIStacksTests.xctest */ = {isa = PBXFileReference; explicitFileType = wrapper.cfbundle; includeInIndex = 0; path = SwiftUIStacksTests.xctest; sourceTree = BUILT_PRODUCTS_DIR; };
		1A37777D281854C30038F1DC /* SwiftUIStacksTests.swift */ = {isa = PBXFileReference; lastKnownFileType = sourcecode.swift; path = SwiftUIStacksTests.swift; sourceTree = "<group>"; };
		1A377783281854C30038F1DC /* SwiftUIStacksUITests.xctest */ = {isa = PBXFileReference; explicitFileType = wrapper.cfbundle; includeInIndex = 0; path = SwiftUIStacksUITests.xctest; sourceTree = BUILT_PRODUCTS_DIR; };
		1A377787281854C30038F1DC /* SwiftUIStacksUITests.swift */ = {isa = PBXFileReference; lastKnownFileType = sourcecode.swift; path = SwiftUIStacksUITests.swift; sourceTree = "<group>"; };
		1A377789281854C30038F1DC /* SwiftUIStacksUITestsLaunchTests.swift */ = {isa = PBXFileReference; lastKnownFileType = sourcecode.swift; path = SwiftUIStacksUITestsLaunchTests.swift; sourceTree = "<group>"; };
/* End PBXFileReference section */

/* Begin PBXFrameworksBuildPhase section */
		1A377766281854C20038F1DC /* Frameworks */ = {
			isa = PBXFrameworksBuildPhase;
			buildActionMask = 2147483647;
			files = (
			);
			runOnlyForDeploymentPostprocessing = 0;
		};
		1A377776281854C30038F1DC /* Frameworks */ = {
			isa = PBXFrameworksBuildPhase;
			buildActionMask = 2147483647;
			files = (
			);
			runOnlyForDeploymentPostprocessing = 0;
		};
		1A377780281854C30038F1DC /* Frameworks */ = {
			isa = PBXFrameworksBuildPhase;
			buildActionMask = 2147483647;
			files = (
			);
			runOnlyForDeploymentPostprocessing = 0;
		};
/* End PBXFrameworksBuildPhase section */

/* Begin PBXGroup section */
		1A377760281854C20038F1DC = {
			isa = PBXGroup;
			children = (
				1A37776B281854C20038F1DC /* SwiftUIStacks */,
				1A37777C281854C30038F1DC /* SwiftUIStacksTests */,
				1A377786281854C30038F1DC /* SwiftUIStacksUITests */,
				1A37776A281854C20038F1DC /* Products */,
			);
			sourceTree = "<group>";
		};
		1A37776A281854C20038F1DC /* Products */ = {
			isa = PBXGroup;
			children = (
				1A377769281854C20038F1DC /* SwiftUIStacks.app */,
				1A377779281854C30038F1DC /* SwiftUIStacksTests.xctest */,
				1A377783281854C30038F1DC /* SwiftUIStacksUITests.xctest */,
			);
			name = Products;
			sourceTree = "<group>";
		};
		1A37776B281854C20038F1DC /* SwiftUIStacks */ = {
			isa = PBXGroup;
			children = (
				1A37776C281854C20038F1DC /* SwiftUIStacksApp.swift */,
				1A37776E281854C20038F1DC /* ContentView.swift */,
				1A377770281854C30038F1DC /* Assets.xcassets */,
				1A377772281854C30038F1DC /* Preview Content */,
			);
			path = SwiftUIStacks;
			sourceTree = "<group>";
		};
		1A377772281854C30038F1DC /* Preview Content */ = {
			isa = PBXGroup;
			children = (
				1A377773281854C30038F1DC /* Preview Assets.xcassets */,
			);
			path = "Preview Content";
			sourceTree = "<group>";
		};
		1A37777C281854C30038F1DC /* SwiftUIStacksTests */ = {
			isa = PBXGroup;
			children = (
				1A37777D281854C30038F1DC /* SwiftUIStacksTests.swift */,
			);
			path = SwiftUIStacksTests;
			sourceTree = "<group>";
		};
		1A377786281854C30038F1DC /* SwiftUIStacksUITests */ = {
			isa = PBXGroup;
			children = (
				1A377787281854C30038F1DC /* SwiftUIStacksUITests.swift */,
				1A377789281854C30038F1DC /* SwiftUIStacksUITestsLaunchTests.swift */,
			);
			path = SwiftUIStacksUITests;
			sourceTree = "<group>";
		};
/* End PBXGroup section */

/* Begin PBXNativeTarget section */
		1A377768281854C20038F1DC /* SwiftUIStacks */ = {
			isa = PBXNativeTarget;
			buildConfigurationList = 1A37778D281854C30038F1DC /* Build configuration list for PBXNativeTarget "SwiftUIStacks" */;
			buildPhases = (
				1A377765281854C20038F1DC /* Sources */,
				1A377766281854C20038F1DC /* Frameworks */,
				1A377767281854C20038F1DC /* Resources */,
			);
			buildRules = (
			);
			dependencies = (
			);
			name = SwiftUIStacks;
			productName = SwiftUIStacks;
			productReference = 1A377769281854C20038F1DC /* SwiftUIStacks.app */;
			productType = "com.apple.product-type.application";
		};
		1A377778281854C30038F1DC /* SwiftUIStacksTests */ = {
			isa = PBXNativeTarget;
			buildConfigurationList = 1A377790281854C30038F1DC /* Build configuration list for PBXNativeTarget "SwiftUIStacksTests" */;
			buildPhases = (
				1A377775281854C30038F1DC /* Sources */,
				1A377776281854C30038F1DC /* Frameworks */,
				1A377777281854C30038F1DC /* Resources */,
			);
			buildRules = (
			);
			dependencies = (
				1A37777B281854C30038F1DC /* PBXTargetDependency */,
			);
			name = SwiftUIStacksTests;
			productName = SwiftUIStacksTests;
			productReference = 1A377779281854C30038F1DC /* SwiftUIStacksTests.xctest */;
			productType = "com.apple.product-type.bundle.unit-test";
		};
		1A377782281854C30038F1DC /* SwiftUIStacksUITests */ = {
			isa = PBXNativeTarget;
			buildConfigurationList = 1A377793281854C30038F1DC /* Build configuration list for PBXNativeTarget "SwiftUIStacksUITests" */;
			buildPhases = (
				1A37777F281854C30038F1DC /* Sources */,
				1A377780281854C30038F1DC /* Frameworks */,
				1A377781281854C30038F1DC /* Resources */,
			);
			buildRules = (
			);
			dependencies = (
				1A377785281854C30038F1DC /* PBXTargetDependency */,
			);
			name = SwiftUIStacksUITests;
			productName = SwiftUIStacksUITests;
			productReference = 1A377783281854C30038F1DC /* SwiftUIStacksUITests.xctest */;
			productType = "com.apple.product-type.bundle.ui-testing";
		};
/* End PBXNativeTarget section */

/* Begin PBXProject section */
		1A377761281854C20038F1DC /* Project object */ = {
			isa = PBXProject;
			attributes = {
				BuildIndependentTargetsInParallel = 1;
				LastSwiftUpdateCheck = 1330;
				LastUpgradeCheck = 1330;
				TargetAttributes = {
					1A377768281854C20038F1DC = {
						CreatedOnToolsVersion = 13.3.1;
					};
					1A377778281854C30038F1DC = {
						CreatedOnToolsVersion = 13.3.1;
						TestTargetID = 1A377768281854C20038F1DC;
					};
					1A377782281854C30038F1DC = {
						CreatedOnToolsVersion = 13.3.1;
						TestTargetID = 1A377768281854C20038F1DC;
					};
				};
			};
			buildConfigurationList = 1A377764281854C20038F1DC /* Build configuration list for PBXProject "SwiftUIStacks" */;
			compatibilityVersion = "Xcode 13.0";
			developmentRegion = en;
			hasScannedForEncodings = 0;
			knownRegions = (
				en,
				Base,
			);
			mainGroup = 1A377760281854C20038F1DC;
			productRefGroup = 1A37776A281854C20038F1DC /* Products */;
			projectDirPath = "";
			projectRoot = "";
			targets = (
				1A377768281854C20038F1DC /* SwiftUIStacks */,
				1A377778281854C30038F1DC /* SwiftUIStacksTests */,
				1A377782281854C30038F1DC /* SwiftUIStacksUITests */,
			);
		};
/* End PBXProject section */

/* Begin PBXResourcesBuildPhase section */
		1A377767281854C20038F1DC /* Resources */ = {
			isa = PBXResourcesBuildPhase;
			buildActionMask = 2147483647;
			files = (
				1A377774281854C30038F1DC /* Preview Assets.xcassets in Resources */,
				1A377771281854C30038F1DC /* Assets.xcassets in Resources */,
			);
			runOnlyForDeploymentPostprocessing = 0;
		};
		1A377777281854C30038F1DC /* Resources */ = {
			isa = PBXResourcesBuildPhase;
			buildActionMask = 2147483647;
			files = (
			);
			runOnlyForDeploymentPostprocessing = 0;
		};
		1A377781281854C30038F1DC /* Resources */ = {
			isa = PBXResourcesBuildPhase;
			buildActionMask = 2147483647;
			files = (
			);
			runOnlyForDeploymentPostprocessing = 0;
		};
/* End PBXResourcesBuildPhase section */

/* Begin PBXSourcesBuildPhase section */
		1A377765281854C20038F1DC /* Sources */ = {
			isa = PBXSourcesBuildPhase;
			buildActionMask = 2147483647;
			files = (
				1A37776F281854C20038F1DC /* ContentView.swift in Sources */,
				1A37776D281854C20038F1DC /* SwiftUIStacksApp.swift in Sources */,
			);
			runOnlyForDeploymentPostprocessing = 0;
		};
		1A377775281854C30038F1DC /* Sources */ = {
			isa = PBXSourcesBuildPhase;
			buildActionMask = 2147483647;
			files = (
				1A37777E281854C30038F1DC /* SwiftUIStacksTests.swift in Sources */,
			);
			runOnlyForDeploymentPostprocessing = 0;
		};
		1A37777F281854C30038F1DC /* Sources */ = {
			isa = PBXSourcesBuildPhase;
			buildActionMask = 2147483647;
			files = (
				1A377788281854C30038F1DC /* SwiftUIStacksUITests.swift in Sources */,
				1A37778A281854C30038F1DC /* SwiftUIStacksUITestsLaunchTests.swift in Sources */,
			);
			runOnlyForDeploymentPostprocessing = 0;
		};
/* End PBXSourcesBuildPhase section */

/* Begin PBXTargetDependency section */
		1A37777B281854C30038F1DC /* PBXTargetDependency */ = {
			isa = PBXTargetDependency;
			target = 1A377768281854C20038F1DC /* SwiftUIStacks */;
			targetProxy = 1A37777A281854C30038F1DC /* PBXContainerItemProxy */;
		};
		1A377785281854C30038F1DC /* PBXTargetDependency */ = {
			isa = PBXTargetDependency;
			target = 1A377768281854C20038F1DC /* SwiftUIStacks */;
			targetProxy = 1A377784281854C30038F1DC /* PBXContainerItemProxy */;
		};
/* End PBXTargetDependency section */

/* Begin XCBuildConfiguration section */
		1A37778B281854C30038F1DC /* Debug */ = {
			isa = XCBuildConfiguration;
			buildSettings = {
				ALWAYS_SEARCH_USER_PATHS = NO;
				CLANG_ANALYZER_NONNULL = YES;
				CLANG_ANALYZER_NUMBER_OBJECT_CONVERSION = YES_AGGRESSIVE;
				CLANG_CXX_LANGUAGE_STANDARD = "gnu++17";
				CLANG_ENABLE_MODULES = YES;
				CLANG_ENABLE_OBJC_ARC = YES;
				CLANG_ENABLE_OBJC_WEAK = YES;
				CLANG_WARN_BLOCK_CAPTURE_AUTORELEASING = YES;
				CLANG_WARN_BOOL_CONVERSION = YES;
				CLANG_WARN_COMMA = YES;
				CLANG_WARN_CONSTANT_CONVERSION = YES;
				CLANG_WARN_DEPRECATED_OBJC_IMPLEMENTATIONS = YES;
				CLANG_WARN_DIRECT_OBJC_ISA_USAGE = YES_ERROR;
				CLANG_WARN_DOCUMENTATION_COMMENTS = YES;
				CLANG_WARN_EMPTY_BODY = YES;
				CLANG_WARN_ENUM_CONVERSION = YES;
				CLANG_WARN_INFINITE_RECURSION = YES;
				CLANG_WARN_INT_CONVERSION = YES;
				CLANG_WARN_NON_LITERAL_NULL_CONVERSION = YES;
				CLANG_WARN_OBJC_IMPLICIT_RETAIN_SELF = YES;
				CLANG_WARN_OBJC_LITERAL_CONVERSION = YES;
				CLANG_WARN_OBJC_ROOT_CLASS = YES_ERROR;
				CLANG_WARN_QUOTED_INCLUDE_IN_FRAMEWORK_HEADER = YES;
				CLANG_WARN_RANGE_LOOP_ANALYSIS = YES;
				CLANG_WARN_STRICT_PROTOTYPES = YES;
				CLANG_WARN_SUSPICIOUS_MOVE = YES;
				CLANG_WARN_UNGUARDED_AVAILABILITY = YES_AGGRESSIVE;
				CLANG_WARN_UNREACHABLE_CODE = YES;
				CLANG_WARN__DUPLICATE_METHOD_MATCH = YES;
				COPY_PHASE_STRIP = NO;
				DEBUG_INFORMATION_FORMAT = dwarf;
				ENABLE_STRICT_OBJC_MSGSEND = YES;
				ENABLE_TESTABILITY = YES;
				GCC_C_LANGUAGE_STANDARD = gnu11;
				GCC_DYNAMIC_NO_PIC = NO;
				GCC_NO_COMMON_BLOCKS = YES;
				GCC_OPTIMIZATION_LEVEL = 0;
				GCC_PREPROCESSOR_DEFINITIONS = (
					"DEBUG=1",
					"$(inherited)",
				);
				GCC_WARN_64_TO_32_BIT_CONVERSION = YES;
				GCC_WARN_ABOUT_RETURN_TYPE = YES_ERROR;
				GCC_WARN_UNDECLARED_SELECTOR = YES;
				GCC_WARN_UNINITIALIZED_AUTOS = YES_AGGRESSIVE;
				GCC_WARN_UNUSED_FUNCTION = YES;
				GCC_WARN_UNUSED_VARIABLE = YES;
				IPHONEOS_DEPLOYMENT_TARGET = 15.4;
				MTL_ENABLE_DEBUG_INFO = INCLUDE_SOURCE;
				MTL_FAST_MATH = YES;
				ONLY_ACTIVE_ARCH = YES;
				SDKROOT = iphoneos;
				SWIFT_ACTIVE_COMPILATION_CONDITIONS = DEBUG;
				SWIFT_OPTIMIZATION_LEVEL = "-Onone";
			};
			name = Debug;
		};
		1A37778C281854C30038F1DC /* Release */ = {
			isa = XCBuildConfiguration;
			buildSettings = {
				ALWAYS_SEARCH_USER_PATHS = NO;
				CLANG_ANALYZER_NONNULL = YES;
				CLANG_ANALYZER_NUMBER_OBJECT_CONVERSION = YES_AGGRESSIVE;
				CLANG_CXX_LANGUAGE_STANDARD = "gnu++17";
				CLANG_ENABLE_MODULES = YES;
				CLANG_ENABLE_OBJC_ARC = YES;
				CLANG_ENABLE_OBJC_WEAK = YES;
				CLANG_WARN_BLOCK_CAPTURE_AUTORELEASING = YES;
				CLANG_WARN_BOOL_CONVERSION = YES;
				CLANG_WARN_COMMA = YES;
				CLANG_WARN_CONSTANT_CONVERSION = YES;
				CLANG_WARN_DEPRECATED_OBJC_IMPLEMENTATIONS = YES;
				CLANG_WARN_DIRECT_OBJC_ISA_USAGE = YES_ERROR;
				CLANG_WARN_DOCUMENTATION_COMMENTS = YES;
				CLANG_WARN_EMPTY_BODY = YES;
				CLANG_WARN_ENUM_CONVERSION = YES;
				CLANG_WARN_INFINITE_RECURSION = YES;
				CLANG_WARN_INT_CONVERSION = YES;
				CLANG_WARN_NON_LITERAL_NULL_CONVERSION = YES;
				CLANG_WARN_OBJC_IMPLICIT_RETAIN_SELF = YES;
				CLANG_WARN_OBJC_LITERAL_CONVERSION = YES;
				CLANG_WARN_OBJC_ROOT_CLASS = YES_ERROR;
				CLANG_WARN_QUOTED_INCLUDE_IN_FRAMEWORK_HEADER = YES;
				CLANG_WARN_RANGE_LOOP_ANALYSIS = YES;
				CLANG_WARN_STRICT_PROTOTYPES = YES;
				CLANG_WARN_SUSPICIOUS_MOVE = YES;
				CLANG_WARN_UNGUARDED_AVAILABILITY = YES_AGGRESSIVE;
				CLANG_WARN_UNREACHABLE_CODE = YES;
				CLANG_WARN__DUPLICATE_METHOD_MATCH = YES;
				COPY_PHASE_STRIP = NO;
				DEBUG_INFORMATION_FORMAT = "dwarf-with-dsym";
				ENABLE_NS_ASSERTIONS = NO;
				ENABLE_STRICT_OBJC_MSGSEND = YES;
				GCC_C_LANGUAGE_STANDARD = gnu11;
				GCC_NO_COMMON_BLOCKS = YES;
				GCC_WARN_64_TO_32_BIT_CONVERSION = YES;
				GCC_WARN_ABOUT_RETURN_TYPE = YES_ERROR;
				GCC_WARN_UNDECLARED_SELECTOR = YES;
				GCC_WARN_UNINITIALIZED_AUTOS = YES_AGGRESSIVE;
				GCC_WARN_UNUSED_FUNCTION = YES;
				GCC_WARN_UNUSED_VARIABLE = YES;
				IPHONEOS_DEPLOYMENT_TARGET = 15.4;
				MTL_ENABLE_DEBUG_INFO = NO;
				MTL_FAST_MATH = YES;
				SDKROOT = iphoneos;
				SWIFT_COMPILATION_MODE = wholemodule;
				SWIFT_OPTIMIZATION_LEVEL = "-O";
				VALIDATE_PRODUCT = YES;
			};
			name = Release;
		};
		1A37778E281854C30038F1DC /* Debug */ = {
			isa = XCBuildConfiguration;
			buildSettings = {
				ASSETCATALOG_COMPILER_APPICON_NAME = AppIcon;
				ASSETCATALOG_COMPILER_GLOBAL_ACCENT_COLOR_NAME = AccentColor;
				CODE_SIGN_STYLE = Automatic;
				CURRENT_PROJECT_VERSION = 1;
				DEVELOPMENT_ASSET_PATHS = "\"SwiftUIStacks/Preview Content\"";
				DEVELOPMENT_TEAM = 7G4A2JWWKQ;
				ENABLE_PREVIEWS = YES;
				GENERATE_INFOPLIST_FILE = YES;
				INFOPLIST_KEY_UIApplicationSceneManifest_Generation = YES;
				INFOPLIST_KEY_UIApplicationSupportsIndirectInputEvents = YES;
				INFOPLIST_KEY_UILaunchScreen_Generation = YES;
				INFOPLIST_KEY_UISupportedInterfaceOrientations_iPad = "UIInterfaceOrientationPortrait UIInterfaceOrientationPortraitUpsideDown UIInterfaceOrientationLandscapeLeft UIInterfaceOrientationLandscapeRight";
				INFOPLIST_KEY_UISupportedInterfaceOrientations_iPhone = "UIInterfaceOrientationPortrait UIInterfaceOrientationLandscapeLeft UIInterfaceOrientationLandscapeRight";
				LD_RUNPATH_SEARCH_PATHS = (
					"$(inherited)",
					"@executable_path/Frameworks",
				);
				MARKETING_VERSION = 1.0;
				PRODUCT_BUNDLE_IDENTIFIER = com.aaroncleveland.SwiftUIStacks;
				PRODUCT_NAME = "$(TARGET_NAME)";
				SWIFT_EMIT_LOC_STRINGS = YES;
				SWIFT_VERSION = 5.0;
				TARGETED_DEVICE_FAMILY = "1,2";
			};
			name = Debug;
		};
		1A37778F281854C30038F1DC /* Release */ = {
			isa = XCBuildConfiguration;
			buildSettings = {
				ASSETCATALOG_COMPILER_APPICON_NAME = AppIcon;
				ASSETCATALOG_COMPILER_GLOBAL_ACCENT_COLOR_NAME = AccentColor;
				CODE_SIGN_STYLE = Automatic;
				CURRENT_PROJECT_VERSION = 1;
				DEVELOPMENT_ASSET_PATHS = "\"SwiftUIStacks/Preview Content\"";
				DEVELOPMENT_TEAM = 7G4A2JWWKQ;
				ENABLE_PREVIEWS = YES;
				GENERATE_INFOPLIST_FILE = YES;
				INFOPLIST_KEY_UIApplicationSceneManifest_Generation = YES;
				INFOPLIST_KEY_UIApplicationSupportsIndirectInputEvents = YES;
				INFOPLIST_KEY_UILaunchScreen_Generation = YES;
				INFOPLIST_KEY_UISupportedInterfaceOrientations_iPad = "UIInterfaceOrientationPortrait UIInterfaceOrientationPortraitUpsideDown UIInterfaceOrientationLandscapeLeft UIInterfaceOrientationLandscapeRight";
				INFOPLIST_KEY_UISupportedInterfaceOrientations_iPhone = "UIInterfaceOrientationPortrait UIInterfaceOrientationLandscapeLeft UIInterfaceOrientationLandscapeRight";
				LD_RUNPATH_SEARCH_PATHS = (
					"$(inherited)",
					"@executable_path/Frameworks",
				);
				MARKETING_VERSION = 1.0;
				PRODUCT_BUNDLE_IDENTIFIER = com.aaroncleveland.SwiftUIStacks;
				PRODUCT_NAME = "$(TARGET_NAME)";
				SWIFT_EMIT_LOC_STRINGS = YES;
				SWIFT_VERSION = 5.0;
				TARGETED_DEVICE_FAMILY = "1,2";
			};
			name = Release;
		};
		1A377791281854C30038F1DC /* Debug */ = {
			isa = XCBuildConfiguration;
			buildSettings = {
				ALWAYS_EMBED_SWIFT_STANDARD_LIBRARIES = YES;
				BUNDLE_LOADER = "$(TEST_HOST)";
				CODE_SIGN_STYLE = Automatic;
				CURRENT_PROJECT_VERSION = 1;
				DEVELOPMENT_TEAM = 7G4A2JWWKQ;
				GENERATE_INFOPLIST_FILE = YES;
				IPHONEOS_DEPLOYMENT_TARGET = 15.4;
				MARKETING_VERSION = 1.0;
				PRODUCT_BUNDLE_IDENTIFIER = com.aaroncleveland.SwiftUIStacksTests;
				PRODUCT_NAME = "$(TARGET_NAME)";
				SWIFT_EMIT_LOC_STRINGS = NO;
				SWIFT_VERSION = 5.0;
				TARGETED_DEVICE_FAMILY = "1,2";
				TEST_HOST = "$(BUILT_PRODUCTS_DIR)/SwiftUIStacks.app/SwiftUIStacks";
			};
			name = Debug;
		};
		1A377792281854C30038F1DC /* Release */ = {
			isa = XCBuildConfiguration;
			buildSettings = {
				ALWAYS_EMBED_SWIFT_STANDARD_LIBRARIES = YES;
				BUNDLE_LOADER = "$(TEST_HOST)";
				CODE_SIGN_STYLE = Automatic;
				CURRENT_PROJECT_VERSION = 1;
				DEVELOPMENT_TEAM = 7G4A2JWWKQ;
				GENERATE_INFOPLIST_FILE = YES;
				IPHONEOS_DEPLOYMENT_TARGET = 15.4;
				MARKETING_VERSION = 1.0;
				PRODUCT_BUNDLE_IDENTIFIER = com.aaroncleveland.SwiftUIStacksTests;
				PRODUCT_NAME = "$(TARGET_NAME)";
				SWIFT_EMIT_LOC_STRINGS = NO;
				SWIFT_VERSION = 5.0;
				TARGETED_DEVICE_FAMILY = "1,2";
				TEST_HOST = "$(BUILT_PRODUCTS_DIR)/SwiftUIStacks.app/SwiftUIStacks";
			};
			name = Release;
		};
		1A377794281854C30038F1DC /* Debug */ = {
			isa = XCBuildConfiguration;
			buildSettings = {
				ALWAYS_EMBED_SWIFT_STANDARD_LIBRARIES = YES;
				CODE_SIGN_STYLE = Automatic;
				CURRENT_PROJECT_VERSION = 1;
				DEVELOPMENT_TEAM = 7G4A2JWWKQ;
				GENERATE_INFOPLIST_FILE = YES;
				MARKETING_VERSION = 1.0;
				PRODUCT_BUNDLE_IDENTIFIER = com.aaroncleveland.SwiftUIStacksUITests;
				PRODUCT_NAME = "$(TARGET_NAME)";
				SWIFT_EMIT_LOC_STRINGS = NO;
				SWIFT_VERSION = 5.0;
				TARGETED_DEVICE_FAMILY = "1,2";
				TEST_TARGET_NAME = SwiftUIStacks;
			};
			name = Debug;
		};
		1A377795281854C30038F1DC /* Release */ = {
			isa = XCBuildConfiguration;
			buildSettings = {
				ALWAYS_EMBED_SWIFT_STANDARD_LIBRARIES = YES;
				CODE_SIGN_STYLE = Automatic;
				CURRENT_PROJECT_VERSION = 1;
				DEVELOPMENT_TEAM = 7G4A2JWWKQ;
				GENERATE_INFOPLIST_FILE = YES;
				MARKETING_VERSION = 1.0;
				PRODUCT_BUNDLE_IDENTIFIER = com.aaroncleveland.SwiftUIStacksUITests;
				PRODUCT_NAME = "$(TARGET_NAME)";
				SWIFT_EMIT_LOC_STRINGS = NO;
				SWIFT_VERSION = 5.0;
				TARGETED_DEVICE_FAMILY = "1,2";
				TEST_TARGET_NAME = SwiftUIStacks;
			};
			name = Release;
		};
/* End XCBuildConfiguration section */

/* Begin XCConfigurationList section */
		1A377764281854C20038F1DC /* Build configuration list for PBXProject "SwiftUIStacks" */ = {
			isa = XCConfigurationList;
			buildConfigurations = (
				1A37778B281854C30038F1DC /* Debug */,
				1A37778C281854C30038F1DC /* Release */,
			);
			defaultConfigurationIsVisible = 0;
			defaultConfigurationName = Release;
		};
		1A37778D281854C30038F1DC /* Build configuration list for PBXNativeTarget "SwiftUIStacks" */ = {
			isa = XCConfigurationList;
			buildConfigurations = (
				1A37778E281854C30038F1DC /* Debug */,
				1A37778F281854C30038F1DC /* Release */,
			);
			defaultConfigurationIsVisible = 0;
			defaultConfigurationName = Release;
		};
		1A377790281854C30038F1DC /* Build configuration list for PBXNativeTarget "SwiftUIStacksTests" */ = {
			isa = XCConfigurationList;
			buildConfigurations = (
				1A377791281854C30038F1DC /* Debug */,
				1A377792281854C30038F1DC /* Release */,
			);
			defaultConfigurationIsVisible = 0;
			defaultConfigurationName = Release;
		};
		1A377793281854C30038F1DC /* Build configuration list for PBXNativeTarget "SwiftUIStacksUITests" */ = {
			isa = XCConfigurationList;
			buildConfigurations = (
				1A377794281854C30038F1DC /* Debug */,
				1A377795281854C30038F1DC /* Release */,
			);
			defaultConfigurationIsVisible = 0;
			defaultConfigurationName = Release;
		};
/* End XCConfigurationList section */
	};
	rootObject = 1A377761281854C20038F1DC /* Project object */;
}
