// !$*UTF8*$!
{
	archiveVersion = 1;
	classes = {
	};
	objectVersion = 55;
	objects = {

/* Begin PBXBuildFile section */
		1A156A092819B73300667431 /* SwiftUIScrollViewApp.swift in Sources */ = {isa = PBXBuildFile; fileRef = 1A156A082819B73300667431 /* SwiftUIScrollViewApp.swift */; };
		1A156A0B2819B73300667431 /* ContentView.swift in Sources */ = {isa = PBXBuildFile; fileRef = 1A156A0A2819B73300667431 /* ContentView.swift */; };
		1A156A0D2819B73400667431 /* Assets.xcassets in Resources */ = {isa = PBXBuildFile; fileRef = 1A156A0C2819B73400667431 /* Assets.xcassets */; };
		1A156A102819B73400667431 /* Preview Assets.xcassets in Resources */ = {isa = PBXBuildFile; fileRef = 1A156A0F2819B73400667431 /* Preview Assets.xcassets */; };
		1A156A1A2819B73400667431 /* SwiftUIScrollViewTests.swift in Sources */ = {isa = PBXBuildFile; fileRef = 1A156A192819B73400667431 /* SwiftUIScrollViewTests.swift */; };
		1A156A242819B73400667431 /* SwiftUIScrollViewUITests.swift in Sources */ = {isa = PBXBuildFile; fileRef = 1A156A232819B73400667431 /* SwiftUIScrollViewUITests.swift */; };
		1A156A262819B73400667431 /* SwiftUIScrollViewUITestsLaunchTests.swift in Sources */ = {isa = PBXBuildFile; fileRef = 1A156A252819B73400667431 /* SwiftUIScrollViewUITestsLaunchTests.swift */; };
		1A4B1B882819C1490063F5EA /* CardView.swift in Sources */ = {isa = PBXBuildFile; fileRef = 1A4B1B872819C1490063F5EA /* CardView.swift */; };
/* End PBXBuildFile section */

/* Begin PBXContainerItemProxy section */
		1A156A162819B73400667431 /* PBXContainerItemProxy */ = {
			isa = PBXContainerItemProxy;
			containerPortal = 1A1569FD2819B73300667431 /* Project object */;
			proxyType = 1;
			remoteGlobalIDString = 1A156A042819B73300667431;
			remoteInfo = SwiftUIScrollView;
		};
		1A156A202819B73400667431 /* PBXContainerItemProxy */ = {
			isa = PBXContainerItemProxy;
			containerPortal = 1A1569FD2819B73300667431 /* Project object */;
			proxyType = 1;
			remoteGlobalIDString = 1A156A042819B73300667431;
			remoteInfo = SwiftUIScrollView;
		};
/* End PBXContainerItemProxy section */

/* Begin PBXFileReference section */
		1A156A052819B73300667431 /* SwiftUIScrollView.app */ = {isa = PBXFileReference; explicitFileType = wrapper.application; includeInIndex = 0; path = SwiftUIScrollView.app; sourceTree = BUILT_PRODUCTS_DIR; };
		1A156A082819B73300667431 /* SwiftUIScrollViewApp.swift */ = {isa = PBXFileReference; lastKnownFileType = sourcecode.swift; path = SwiftUIScrollViewApp.swift; sourceTree = "<group>"; };
		1A156A0A2819B73300667431 /* ContentView.swift */ = {isa = PBXFileReference; lastKnownFileType = sourcecode.swift; path = ContentView.swift; sourceTree = "<group>"; };
		1A156A0C2819B73400667431 /* Assets.xcassets */ = {isa = PBXFileReference; lastKnownFileType = folder.assetcatalog; path = Assets.xcassets; sourceTree = "<group>"; };
		1A156A0F2819B73400667431 /* Preview Assets.xcassets */ = {isa = PBXFileReference; lastKnownFileType = folder.assetcatalog; path = "Preview Assets.xcassets"; sourceTree = "<group>"; };
		1A156A152819B73400667431 /* SwiftUIScrollViewTests.xctest */ = {isa = PBXFileReference; explicitFileType = wrapper.cfbundle; includeInIndex = 0; path = SwiftUIScrollViewTests.xctest; sourceTree = BUILT_PRODUCTS_DIR; };
		1A156A192819B73400667431 /* SwiftUIScrollViewTests.swift */ = {isa = PBXFileReference; lastKnownFileType = sourcecode.swift; path = SwiftUIScrollViewTests.swift; sourceTree = "<group>"; };
		1A156A1F2819B73400667431 /* SwiftUIScrollViewUITests.xctest */ = {isa = PBXFileReference; explicitFileType = wrapper.cfbundle; includeInIndex = 0; path = SwiftUIScrollViewUITests.xctest; sourceTree = BUILT_PRODUCTS_DIR; };
		1A156A232819B73400667431 /* SwiftUIScrollViewUITests.swift */ = {isa = PBXFileReference; lastKnownFileType = sourcecode.swift; path = SwiftUIScrollViewUITests.swift; sourceTree = "<group>"; };
		1A156A252819B73400667431 /* SwiftUIScrollViewUITestsLaunchTests.swift */ = {isa = PBXFileReference; lastKnownFileType = sourcecode.swift; path = SwiftUIScrollViewUITestsLaunchTests.swift; sourceTree = "<group>"; };
		1A4B1B872819C1490063F5EA /* CardView.swift */ = {isa = PBXFileReference; lastKnownFileType = sourcecode.swift; path = CardView.swift; sourceTree = "<group>"; };
/* End PBXFileReference section */

/* Begin PBXFrameworksBuildPhase section */
		1A156A022819B73300667431 /* Frameworks */ = {
			isa = PBXFrameworksBuildPhase;
			buildActionMask = 2147483647;
			files = (
			);
			runOnlyForDeploymentPostprocessing = 0;
		};
		1A156A122819B73400667431 /* Frameworks */ = {
			isa = PBXFrameworksBuildPhase;
			buildActionMask = 2147483647;
			files = (
			);
			runOnlyForDeploymentPostprocessing = 0;
		};
		1A156A1C2819B73400667431 /* Frameworks */ = {
			isa = PBXFrameworksBuildPhase;
			buildActionMask = 2147483647;
			files = (
			);
			runOnlyForDeploymentPostprocessing = 0;
		};
/* End PBXFrameworksBuildPhase section */

/* Begin PBXGroup section */
		1A1569FC2819B73300667431 = {
			isa = PBXGroup;
			children = (
				1A156A072819B73300667431 /* SwiftUIScrollView */,
				1A156A182819B73400667431 /* SwiftUIScrollViewTests */,
				1A156A222819B73400667431 /* SwiftUIScrollViewUITests */,
				1A156A062819B73300667431 /* Products */,
			);
			sourceTree = "<group>";
		};
		1A156A062819B73300667431 /* Products */ = {
			isa = PBXGroup;
			children = (
				1A156A052819B73300667431 /* SwiftUIScrollView.app */,
				1A156A152819B73400667431 /* SwiftUIScrollViewTests.xctest */,
				1A156A1F2819B73400667431 /* SwiftUIScrollViewUITests.xctest */,
			);
			name = Products;
			sourceTree = "<group>";
		};
		1A156A072819B73300667431 /* SwiftUIScrollView */ = {
			isa = PBXGroup;
			children = (
				1A156A082819B73300667431 /* SwiftUIScrollViewApp.swift */,
				1A156A0A2819B73300667431 /* ContentView.swift */,
				1A156A0C2819B73400667431 /* Assets.xcassets */,
				1A156A0E2819B73400667431 /* Preview Content */,
				1A4B1B872819C1490063F5EA /* CardView.swift */,
			);
			path = SwiftUIScrollView;
			sourceTree = "<group>";
		};
		1A156A0E2819B73400667431 /* Preview Content */ = {
			isa = PBXGroup;
			children = (
				1A156A0F2819B73400667431 /* Preview Assets.xcassets */,
			);
			path = "Preview Content";
			sourceTree = "<group>";
		};
		1A156A182819B73400667431 /* SwiftUIScrollViewTests */ = {
			isa = PBXGroup;
			children = (
				1A156A192819B73400667431 /* SwiftUIScrollViewTests.swift */,
			);
			path = SwiftUIScrollViewTests;
			sourceTree = "<group>";
		};
		1A156A222819B73400667431 /* SwiftUIScrollViewUITests */ = {
			isa = PBXGroup;
			children = (
				1A156A232819B73400667431 /* SwiftUIScrollViewUITests.swift */,
				1A156A252819B73400667431 /* SwiftUIScrollViewUITestsLaunchTests.swift */,
			);
			path = SwiftUIScrollViewUITests;
			sourceTree = "<group>";
		};
/* End PBXGroup section */

/* Begin PBXNativeTarget section */
		1A156A042819B73300667431 /* SwiftUIScrollView */ = {
			isa = PBXNativeTarget;
			buildConfigurationList = 1A156A292819B73400667431 /* Build configuration list for PBXNativeTarget "SwiftUIScrollView" */;
			buildPhases = (
				1A156A012819B73300667431 /* Sources */,
				1A156A022819B73300667431 /* Frameworks */,
				1A156A032819B73300667431 /* Resources */,
			);
			buildRules = (
			);
			dependencies = (
			);
			name = SwiftUIScrollView;
			productName = SwiftUIScrollView;
			productReference = 1A156A052819B73300667431 /* SwiftUIScrollView.app */;
			productType = "com.apple.product-type.application";
		};
		1A156A142819B73400667431 /* SwiftUIScrollViewTests */ = {
			isa = PBXNativeTarget;
			buildConfigurationList = 1A156A2C2819B73400667431 /* Build configuration list for PBXNativeTarget "SwiftUIScrollViewTests" */;
			buildPhases = (
				1A156A112819B73400667431 /* Sources */,
				1A156A122819B73400667431 /* Frameworks */,
				1A156A132819B73400667431 /* Resources */,
			);
			buildRules = (
			);
			dependencies = (
				1A156A172819B73400667431 /* PBXTargetDependency */,
			);
			name = SwiftUIScrollViewTests;
			productName = SwiftUIScrollViewTests;
			productReference = 1A156A152819B73400667431 /* SwiftUIScrollViewTests.xctest */;
			productType = "com.apple.product-type.bundle.unit-test";
		};
		1A156A1E2819B73400667431 /* SwiftUIScrollViewUITests */ = {
			isa = PBXNativeTarget;
			buildConfigurationList = 1A156A2F2819B73400667431 /* Build configuration list for PBXNativeTarget "SwiftUIScrollViewUITests" */;
			buildPhases = (
				1A156A1B2819B73400667431 /* Sources */,
				1A156A1C2819B73400667431 /* Frameworks */,
				1A156A1D2819B73400667431 /* Resources */,
			);
			buildRules = (
			);
			dependencies = (
				1A156A212819B73400667431 /* PBXTargetDependency */,
			);
			name = SwiftUIScrollViewUITests;
			productName = SwiftUIScrollViewUITests;
			productReference = 1A156A1F2819B73400667431 /* SwiftUIScrollViewUITests.xctest */;
			productType = "com.apple.product-type.bundle.ui-testing";
		};
/* End PBXNativeTarget section */

/* Begin PBXProject section */
		1A1569FD2819B73300667431 /* Project object */ = {
			isa = PBXProject;
			attributes = {
				BuildIndependentTargetsInParallel = 1;
				LastSwiftUpdateCheck = 1330;
				LastUpgradeCheck = 1330;
				TargetAttributes = {
					1A156A042819B73300667431 = {
						CreatedOnToolsVersion = 13.3.1;
					};
					1A156A142819B73400667431 = {
						CreatedOnToolsVersion = 13.3.1;
						TestTargetID = 1A156A042819B73300667431;
					};
					1A156A1E2819B73400667431 = {
						CreatedOnToolsVersion = 13.3.1;
						TestTargetID = 1A156A042819B73300667431;
					};
				};
			};
			buildConfigurationList = 1A156A002819B73300667431 /* Build configuration list for PBXProject "SwiftUIScrollView" */;
			compatibilityVersion = "Xcode 13.0";
			developmentRegion = en;
			hasScannedForEncodings = 0;
			knownRegions = (
				en,
				Base,
			);
			mainGroup = 1A1569FC2819B73300667431;
			productRefGroup = 1A156A062819B73300667431 /* Products */;
			projectDirPath = "";
			projectRoot = "";
			targets = (
				1A156A042819B73300667431 /* SwiftUIScrollView */,
				1A156A142819B73400667431 /* SwiftUIScrollViewTests */,
				1A156A1E2819B73400667431 /* SwiftUIScrollViewUITests */,
			);
		};
/* End PBXProject section */

/* Begin PBXResourcesBuildPhase section */
		1A156A032819B73300667431 /* Resources */ = {
			isa = PBXResourcesBuildPhase;
			buildActionMask = 2147483647;
			files = (
				1A156A102819B73400667431 /* Preview Assets.xcassets in Resources */,
				1A156A0D2819B73400667431 /* Assets.xcassets in Resources */,
			);
			runOnlyForDeploymentPostprocessing = 0;
		};
		1A156A132819B73400667431 /* Resources */ = {
			isa = PBXResourcesBuildPhase;
			buildActionMask = 2147483647;
			files = (
			);
			runOnlyForDeploymentPostprocessing = 0;
		};
		1A156A1D2819B73400667431 /* Resources */ = {
			isa = PBXResourcesBuildPhase;
			buildActionMask = 2147483647;
			files = (
			);
			runOnlyForDeploymentPostprocessing = 0;
		};
/* End PBXResourcesBuildPhase section */

/* Begin PBXSourcesBuildPhase section */
		1A156A012819B73300667431 /* Sources */ = {
			isa = PBXSourcesBuildPhase;
			buildActionMask = 2147483647;
			files = (
				1A156A0B2819B73300667431 /* ContentView.swift in Sources */,
				1A4B1B882819C1490063F5EA /* CardView.swift in Sources */,
				1A156A092819B73300667431 /* SwiftUIScrollViewApp.swift in Sources */,
			);
			runOnlyForDeploymentPostprocessing = 0;
		};
		1A156A112819B73400667431 /* Sources */ = {
			isa = PBXSourcesBuildPhase;
			buildActionMask = 2147483647;
			files = (
				1A156A1A2819B73400667431 /* SwiftUIScrollViewTests.swift in Sources */,
			);
			runOnlyForDeploymentPostprocessing = 0;
		};
		1A156A1B2819B73400667431 /* Sources */ = {
			isa = PBXSourcesBuildPhase;
			buildActionMask = 2147483647;
			files = (
				1A156A262819B73400667431 /* SwiftUIScrollViewUITestsLaunchTests.swift in Sources */,
				1A156A242819B73400667431 /* SwiftUIScrollViewUITests.swift in Sources */,
			);
			runOnlyForDeploymentPostprocessing = 0;
		};
/* End PBXSourcesBuildPhase section */

/* Begin PBXTargetDependency section */
		1A156A172819B73400667431 /* PBXTargetDependency */ = {
			isa = PBXTargetDependency;
			target = 1A156A042819B73300667431 /* SwiftUIScrollView */;
			targetProxy = 1A156A162819B73400667431 /* PBXContainerItemProxy */;
		};
		1A156A212819B73400667431 /* PBXTargetDependency */ = {
			isa = PBXTargetDependency;
			target = 1A156A042819B73300667431 /* SwiftUIScrollView */;
			targetProxy = 1A156A202819B73400667431 /* PBXContainerItemProxy */;
		};
/* End PBXTargetDependency section */

/* Begin XCBuildConfiguration section */
		1A156A272819B73400667431 /* Debug */ = {
			isa = XCBuildConfiguration;
			buildSettings = {
				ALWAYS_SEARCH_USER_PATHS = NO;
				CLANG_ANALYZER_NONNULL = YES;
				CLANG_ANALYZER_NUMBER_OBJECT_CONVERSION = YES_AGGRESSIVE;
				CLANG_CXX_LANGUAGE_STANDARD = "gnu++17";
				CLANG_ENABLE_MODULES = YES;
				CLANG_ENABLE_OBJC_ARC = YES;
				CLANG_ENABLE_OBJC_WEAK = YES;
				CLANG_WARN_BLOCK_CAPTURE_AUTORELEASING = YES;
				CLANG_WARN_BOOL_CONVERSION = YES;
				CLANG_WARN_COMMA = YES;
				CLANG_WARN_CONSTANT_CONVERSION = YES;
				CLANG_WARN_DEPRECATED_OBJC_IMPLEMENTATIONS = YES;
				CLANG_WARN_DIRECT_OBJC_ISA_USAGE = YES_ERROR;
				CLANG_WARN_DOCUMENTATION_COMMENTS = YES;
				CLANG_WARN_EMPTY_BODY = YES;
				CLANG_WARN_ENUM_CONVERSION = YES;
				CLANG_WARN_INFINITE_RECURSION = YES;
				CLANG_WARN_INT_CONVERSION = YES;
				CLANG_WARN_NON_LITERAL_NULL_CONVERSION = YES;
				CLANG_WARN_OBJC_IMPLICIT_RETAIN_SELF = YES;
				CLANG_WARN_OBJC_LITERAL_CONVERSION = YES;
				CLANG_WARN_OBJC_ROOT_CLASS = YES_ERROR;
				CLANG_WARN_QUOTED_INCLUDE_IN_FRAMEWORK_HEADER = YES;
				CLANG_WARN_RANGE_LOOP_ANALYSIS = YES;
				CLANG_WARN_STRICT_PROTOTYPES = YES;
				CLANG_WARN_SUSPICIOUS_MOVE = YES;
				CLANG_WARN_UNGUARDED_AVAILABILITY = YES_AGGRESSIVE;
				CLANG_WARN_UNREACHABLE_CODE = YES;
				CLANG_WARN__DUPLICATE_METHOD_MATCH = YES;
				COPY_PHASE_STRIP = NO;
				DEBUG_INFORMATION_FORMAT = dwarf;
				ENABLE_STRICT_OBJC_MSGSEND = YES;
				ENABLE_TESTABILITY = YES;
				GCC_C_LANGUAGE_STANDARD = gnu11;
				GCC_DYNAMIC_NO_PIC = NO;
				GCC_NO_COMMON_BLOCKS = YES;
				GCC_OPTIMIZATION_LEVEL = 0;
				GCC_PREPROCESSOR_DEFINITIONS = (
					"DEBUG=1",
					"$(inherited)",
				);
				GCC_WARN_64_TO_32_BIT_CONVERSION = YES;
				GCC_WARN_ABOUT_RETURN_TYPE = YES_ERROR;
				GCC_WARN_UNDECLARED_SELECTOR = YES;
				GCC_WARN_UNINITIALIZED_AUTOS = YES_AGGRESSIVE;
				GCC_WARN_UNUSED_FUNCTION = YES;
				GCC_WARN_UNUSED_VARIABLE = YES;
				IPHONEOS_DEPLOYMENT_TARGET = 15.4;
				MTL_ENABLE_DEBUG_INFO = INCLUDE_SOURCE;
				MTL_FAST_MATH = YES;
				ONLY_ACTIVE_ARCH = YES;
				SDKROOT = iphoneos;
				SWIFT_ACTIVE_COMPILATION_CONDITIONS = DEBUG;
				SWIFT_OPTIMIZATION_LEVEL = "-Onone";
			};
			name = Debug;
		};
		1A156A282819B73400667431 /* Release */ = {
			isa = XCBuildConfiguration;
			buildSettings = {
				ALWAYS_SEARCH_USER_PATHS = NO;
				CLANG_ANALYZER_NONNULL = YES;
				CLANG_ANALYZER_NUMBER_OBJECT_CONVERSION = YES_AGGRESSIVE;
				CLANG_CXX_LANGUAGE_STANDARD = "gnu++17";
				CLANG_ENABLE_MODULES = YES;
				CLANG_ENABLE_OBJC_ARC = YES;
				CLANG_ENABLE_OBJC_WEAK = YES;
				CLANG_WARN_BLOCK_CAPTURE_AUTORELEASING = YES;
				CLANG_WARN_BOOL_CONVERSION = YES;
				CLANG_WARN_COMMA = YES;
				CLANG_WARN_CONSTANT_CONVERSION = YES;
				CLANG_WARN_DEPRECATED_OBJC_IMPLEMENTATIONS = YES;
				CLANG_WARN_DIRECT_OBJC_ISA_USAGE = YES_ERROR;
				CLANG_WARN_DOCUMENTATION_COMMENTS = YES;
				CLANG_WARN_EMPTY_BODY = YES;
				CLANG_WARN_ENUM_CONVERSION = YES;
				CLANG_WARN_INFINITE_RECURSION = YES;
				CLANG_WARN_INT_CONVERSION = YES;
				CLANG_WARN_NON_LITERAL_NULL_CONVERSION = YES;
				CLANG_WARN_OBJC_IMPLICIT_RETAIN_SELF = YES;
				CLANG_WARN_OBJC_LITERAL_CONVERSION = YES;
				CLANG_WARN_OBJC_ROOT_CLASS = YES_ERROR;
				CLANG_WARN_QUOTED_INCLUDE_IN_FRAMEWORK_HEADER = YES;
				CLANG_WARN_RANGE_LOOP_ANALYSIS = YES;
				CLANG_WARN_STRICT_PROTOTYPES = YES;
				CLANG_WARN_SUSPICIOUS_MOVE = YES;
				CLANG_WARN_UNGUARDED_AVAILABILITY = YES_AGGRESSIVE;
				CLANG_WARN_UNREACHABLE_CODE = YES;
				CLANG_WARN__DUPLICATE_METHOD_MATCH = YES;
				COPY_PHASE_STRIP = NO;
				DEBUG_INFORMATION_FORMAT = "dwarf-with-dsym";
				ENABLE_NS_ASSERTIONS = NO;
				ENABLE_STRICT_OBJC_MSGSEND = YES;
				GCC_C_LANGUAGE_STANDARD = gnu11;
				GCC_NO_COMMON_BLOCKS = YES;
				GCC_WARN_64_TO_32_BIT_CONVERSION = YES;
				GCC_WARN_ABOUT_RETURN_TYPE = YES_ERROR;
				GCC_WARN_UNDECLARED_SELECTOR = YES;
				GCC_WARN_UNINITIALIZED_AUTOS = YES_AGGRESSIVE;
				GCC_WARN_UNUSED_FUNCTION = YES;
				GCC_WARN_UNUSED_VARIABLE = YES;
				IPHONEOS_DEPLOYMENT_TARGET = 15.4;
				MTL_ENABLE_DEBUG_INFO = NO;
				MTL_FAST_MATH = YES;
				SDKROOT = iphoneos;
				SWIFT_COMPILATION_MODE = wholemodule;
				SWIFT_OPTIMIZATION_LEVEL = "-O";
				VALIDATE_PRODUCT = YES;
			};
			name = Release;
		};
		1A156A2A2819B73400667431 /* Debug */ = {
			isa = XCBuildConfiguration;
			buildSettings = {
				ASSETCATALOG_COMPILER_APPICON_NAME = AppIcon;
				ASSETCATALOG_COMPILER_GLOBAL_ACCENT_COLOR_NAME = AccentColor;
				CODE_SIGN_STYLE = Automatic;
				CURRENT_PROJECT_VERSION = 1;
				DEVELOPMENT_ASSET_PATHS = "\"SwiftUIScrollView/Preview Content\"";
				DEVELOPMENT_TEAM = 7G4A2JWWKQ;
				ENABLE_PREVIEWS = YES;
				GENERATE_INFOPLIST_FILE = YES;
				INFOPLIST_KEY_UIApplicationSceneManifest_Generation = YES;
				INFOPLIST_KEY_UIApplicationSupportsIndirectInputEvents = YES;
				INFOPLIST_KEY_UILaunchScreen_Generation = YES;
				INFOPLIST_KEY_UISupportedInterfaceOrientations_iPad = "UIInterfaceOrientationPortrait UIInterfaceOrientationPortraitUpsideDown UIInterfaceOrientationLandscapeLeft UIInterfaceOrientationLandscapeRight";
				INFOPLIST_KEY_UISupportedInterfaceOrientations_iPhone = "UIInterfaceOrientationPortrait UIInterfaceOrientationLandscapeLeft UIInterfaceOrientationLandscapeRight";
				LD_RUNPATH_SEARCH_PATHS = (
					"$(inherited)",
					"@executable_path/Frameworks",
				);
				MARKETING_VERSION = 1.0;
				PRODUCT_BUNDLE_IDENTIFIER = com.aaroncleveland.SwiftUIScrollView;
				PRODUCT_NAME = "$(TARGET_NAME)";
				SWIFT_EMIT_LOC_STRINGS = YES;
				SWIFT_VERSION = 5.0;
				TARGETED_DEVICE_FAMILY = "1,2";
			};
			name = Debug;
		};
		1A156A2B2819B73400667431 /* Release */ = {
			isa = XCBuildConfiguration;
			buildSettings = {
				ASSETCATALOG_COMPILER_APPICON_NAME = AppIcon;
				ASSETCATALOG_COMPILER_GLOBAL_ACCENT_COLOR_NAME = AccentColor;
				CODE_SIGN_STYLE = Automatic;
				CURRENT_PROJECT_VERSION = 1;
				DEVELOPMENT_ASSET_PATHS = "\"SwiftUIScrollView/Preview Content\"";
				DEVELOPMENT_TEAM = 7G4A2JWWKQ;
				ENABLE_PREVIEWS = YES;
				GENERATE_INFOPLIST_FILE = YES;
				INFOPLIST_KEY_UIApplicationSceneManifest_Generation = YES;
				INFOPLIST_KEY_UIApplicationSupportsIndirectInputEvents = YES;
				INFOPLIST_KEY_UILaunchScreen_Generation = YES;
				INFOPLIST_KEY_UISupportedInterfaceOrientations_iPad = "UIInterfaceOrientationPortrait UIInterfaceOrientationPortraitUpsideDown UIInterfaceOrientationLandscapeLeft UIInterfaceOrientationLandscapeRight";
				INFOPLIST_KEY_UISupportedInterfaceOrientations_iPhone = "UIInterfaceOrientationPortrait UIInterfaceOrientationLandscapeLeft UIInterfaceOrientationLandscapeRight";
				LD_RUNPATH_SEARCH_PATHS = (
					"$(inherited)",
					"@executable_path/Frameworks",
				);
				MARKETING_VERSION = 1.0;
				PRODUCT_BUNDLE_IDENTIFIER = com.aaroncleveland.SwiftUIScrollView;
				PRODUCT_NAME = "$(TARGET_NAME)";
				SWIFT_EMIT_LOC_STRINGS = YES;
				SWIFT_VERSION = 5.0;
				TARGETED_DEVICE_FAMILY = "1,2";
			};
			name = Release;
		};
		1A156A2D2819B73400667431 /* Debug */ = {
			isa = XCBuildConfiguration;
			buildSettings = {
				ALWAYS_EMBED_SWIFT_STANDARD_LIBRARIES = YES;
				BUNDLE_LOADER = "$(TEST_HOST)";
				CODE_SIGN_STYLE = Automatic;
				CURRENT_PROJECT_VERSION = 1;
				DEVELOPMENT_TEAM = 7G4A2JWWKQ;
				GENERATE_INFOPLIST_FILE = YES;
				IPHONEOS_DEPLOYMENT_TARGET = 15.4;
				MARKETING_VERSION = 1.0;
				PRODUCT_BUNDLE_IDENTIFIER = com.aaroncleveland.SwiftUIScrollViewTests;
				PRODUCT_NAME = "$(TARGET_NAME)";
				SWIFT_EMIT_LOC_STRINGS = NO;
				SWIFT_VERSION = 5.0;
				TARGETED_DEVICE_FAMILY = "1,2";
				TEST_HOST = "$(BUILT_PRODUCTS_DIR)/SwiftUIScrollView.app/SwiftUIScrollView";
			};
			name = Debug;
		};
		1A156A2E2819B73400667431 /* Release */ = {
			isa = XCBuildConfiguration;
			buildSettings = {
				ALWAYS_EMBED_SWIFT_STANDARD_LIBRARIES = YES;
				BUNDLE_LOADER = "$(TEST_HOST)";
				CODE_SIGN_STYLE = Automatic;
				CURRENT_PROJECT_VERSION = 1;
				DEVELOPMENT_TEAM = 7G4A2JWWKQ;
				GENERATE_INFOPLIST_FILE = YES;
				IPHONEOS_DEPLOYMENT_TARGET = 15.4;
				MARKETING_VERSION = 1.0;
				PRODUCT_BUNDLE_IDENTIFIER = com.aaroncleveland.SwiftUIScrollViewTests;
				PRODUCT_NAME = "$(TARGET_NAME)";
				SWIFT_EMIT_LOC_STRINGS = NO;
				SWIFT_VERSION = 5.0;
				TARGETED_DEVICE_FAMILY = "1,2";
				TEST_HOST = "$(BUILT_PRODUCTS_DIR)/SwiftUIScrollView.app/SwiftUIScrollView";
			};
			name = Release;
		};
		1A156A302819B73400667431 /* Debug */ = {
			isa = XCBuildConfiguration;
			buildSettings = {
				ALWAYS_EMBED_SWIFT_STANDARD_LIBRARIES = YES;
				CODE_SIGN_STYLE = Automatic;
				CURRENT_PROJECT_VERSION = 1;
				DEVELOPMENT_TEAM = 7G4A2JWWKQ;
				GENERATE_INFOPLIST_FILE = YES;
				MARKETING_VERSION = 1.0;
				PRODUCT_BUNDLE_IDENTIFIER = com.aaroncleveland.SwiftUIScrollViewUITests;
				PRODUCT_NAME = "$(TARGET_NAME)";
				SWIFT_EMIT_LOC_STRINGS = NO;
				SWIFT_VERSION = 5.0;
				TARGETED_DEVICE_FAMILY = "1,2";
				TEST_TARGET_NAME = SwiftUIScrollView;
			};
			name = Debug;
		};
		1A156A312819B73400667431 /* Release */ = {
			isa = XCBuildConfiguration;
			buildSettings = {
				ALWAYS_EMBED_SWIFT_STANDARD_LIBRARIES = YES;
				CODE_SIGN_STYLE = Automatic;
				CURRENT_PROJECT_VERSION = 1;
				DEVELOPMENT_TEAM = 7G4A2JWWKQ;
				GENERATE_INFOPLIST_FILE = YES;
				MARKETING_VERSION = 1.0;
				PRODUCT_BUNDLE_IDENTIFIER = com.aaroncleveland.SwiftUIScrollViewUITests;
				PRODUCT_NAME = "$(TARGET_NAME)";
				SWIFT_EMIT_LOC_STRINGS = NO;
				SWIFT_VERSION = 5.0;
				TARGETED_DEVICE_FAMILY = "1,2";
				TEST_TARGET_NAME = SwiftUIScrollView;
			};
			name = Release;
		};
/* End XCBuildConfiguration section */

/* Begin XCConfigurationList section */
		1A156A002819B73300667431 /* Build configuration list for PBXProject "SwiftUIScrollView" */ = {
			isa = XCConfigurationList;
			buildConfigurations = (
				1A156A272819B73400667431 /* Debug */,
				1A156A282819B73400667431 /* Release */,
			);
			defaultConfigurationIsVisible = 0;
			defaultConfigurationName = Release;
		};
		1A156A292819B73400667431 /* Build configuration list for PBXNativeTarget "SwiftUIScrollView" */ = {
			isa = XCConfigurationList;
			buildConfigurations = (
				1A156A2A2819B73400667431 /* Debug */,
				1A156A2B2819B73400667431 /* Release */,
			);
			defaultConfigurationIsVisible = 0;
			defaultConfigurationName = Release;
		};
		1A156A2C2819B73400667431 /* Build configuration list for PBXNativeTarget "SwiftUIScrollViewTests" */ = {
			isa = XCConfigurationList;
			buildConfigurations = (
				1A156A2D2819B73400667431 /* Debug */,
				1A156A2E2819B73400667431 /* Release */,
			);
			defaultConfigurationIsVisible = 0;
			defaultConfigurationName = Release;
		};
		1A156A2F2819B73400667431 /* Build configuration list for PBXNativeTarget "SwiftUIScrollViewUITests" */ = {
			isa = XCConfigurationList;
			buildConfigurations = (
				1A156A302819B73400667431 /* Debug */,
				1A156A312819B73400667431 /* Release */,
			);
			defaultConfigurationIsVisible = 0;
			defaultConfigurationName = Release;
		};
/* End XCConfigurationList section */
	};
	rootObject = 1A1569FD2819B73300667431 /* Project object */;
}
