// !$*UTF8*$!
{
	archiveVersion = 1;
	classes = {
	};
	objectVersion = 55;
	objects = {

/* Begin PBXBuildFile section */
		1AA39D9B2819D0DA00F8E3C6 /* SwiftUIButtonApp.swift in Sources */ = {isa = PBXBuildFile; fileRef = 1AA39D9A2819D0DA00F8E3C6 /* SwiftUIButtonApp.swift */; };
		1AA39D9D2819D0DA00F8E3C6 /* ContentView.swift in Sources */ = {isa = PBXBuildFile; fileRef = 1AA39D9C2819D0DA00F8E3C6 /* ContentView.swift */; };
		1AA39D9F2819D0DA00F8E3C6 /* Assets.xcassets in Resources */ = {isa = PBXBuildFile; fileRef = 1AA39D9E2819D0DA00F8E3C6 /* Assets.xcassets */; };
		1AA39DA22819D0DA00F8E3C6 /* Preview Assets.xcassets in Resources */ = {isa = PBXBuildFile; fileRef = 1AA39DA12819D0DA00F8E3C6 /* Preview Assets.xcassets */; };
		1AA39DAC2819D0DA00F8E3C6 /* SwiftUIButtonTests.swift in Sources */ = {isa = PBXBuildFile; fileRef = 1AA39DAB2819D0DA00F8E3C6 /* SwiftUIButtonTests.swift */; };
		1AA39DB62819D0DA00F8E3C6 /* SwiftUIButtonUITests.swift in Sources */ = {isa = PBXBuildFile; fileRef = 1AA39DB52819D0DA00F8E3C6 /* SwiftUIButtonUITests.swift */; };
		1AA39DB82819D0DA00F8E3C6 /* SwiftUIButtonUITestsLaunchTests.swift in Sources */ = {isa = PBXBuildFile; fileRef = 1AA39DB72819D0DA00F8E3C6 /* SwiftUIButtonUITestsLaunchTests.swift */; };
/* End PBXBuildFile section */

/* Begin PBXContainerItemProxy section */
		1AA39DA82819D0DA00F8E3C6 /* PBXContainerItemProxy */ = {
			isa = PBXContainerItemProxy;
			containerPortal = 1AA39D8F2819D0DA00F8E3C6 /* Project object */;
			proxyType = 1;
			remoteGlobalIDString = 1AA39D962819D0DA00F8E3C6;
			remoteInfo = SwiftUIButton;
		};
		1AA39DB22819D0DA00F8E3C6 /* PBXContainerItemProxy */ = {
			isa = PBXContainerItemProxy;
			containerPortal = 1AA39D8F2819D0DA00F8E3C6 /* Project object */;
			proxyType = 1;
			remoteGlobalIDString = 1AA39D962819D0DA00F8E3C6;
			remoteInfo = SwiftUIButton;
		};
/* End PBXContainerItemProxy section */

/* Begin PBXFileReference section */
		1AA39D972819D0DA00F8E3C6 /* SwiftUIButton.app */ = {isa = PBXFileReference; explicitFileType = wrapper.application; includeInIndex = 0; path = SwiftUIButton.app; sourceTree = BUILT_PRODUCTS_DIR; };
		1AA39D9A2819D0DA00F8E3C6 /* SwiftUIButtonApp.swift */ = {isa = PBXFileReference; lastKnownFileType = sourcecode.swift; path = SwiftUIButtonApp.swift; sourceTree = "<group>"; };
		1AA39D9C2819D0DA00F8E3C6 /* ContentView.swift */ = {isa = PBXFileReference; lastKnownFileType = sourcecode.swift; path = ContentView.swift; sourceTree = "<group>"; };
		1AA39D9E2819D0DA00F8E3C6 /* Assets.xcassets */ = {isa = PBXFileReference; lastKnownFileType = folder.assetcatalog; path = Assets.xcassets; sourceTree = "<group>"; };
		1AA39DA12819D0DA00F8E3C6 /* Preview Assets.xcassets */ = {isa = PBXFileReference; lastKnownFileType = folder.assetcatalog; path = "Preview Assets.xcassets"; sourceTree = "<group>"; };
		1AA39DA72819D0DA00F8E3C6 /* SwiftUIButtonTests.xctest */ = {isa = PBXFileReference; explicitFileType = wrapper.cfbundle; includeInIndex = 0; path = SwiftUIButtonTests.xctest; sourceTree = BUILT_PRODUCTS_DIR; };
		1AA39DAB2819D0DA00F8E3C6 /* SwiftUIButtonTests.swift */ = {isa = PBXFileReference; lastKnownFileType = sourcecode.swift; path = SwiftUIButtonTests.swift; sourceTree = "<group>"; };
		1AA39DB12819D0DA00F8E3C6 /* SwiftUIButtonUITests.xctest */ = {isa = PBXFileReference; explicitFileType = wrapper.cfbundle; includeInIndex = 0; path = SwiftUIButtonUITests.xctest; sourceTree = BUILT_PRODUCTS_DIR; };
		1AA39DB52819D0DA00F8E3C6 /* SwiftUIButtonUITests.swift */ = {isa = PBXFileReference; lastKnownFileType = sourcecode.swift; path = SwiftUIButtonUITests.swift; sourceTree = "<group>"; };
		1AA39DB72819D0DA00F8E3C6 /* SwiftUIButtonUITestsLaunchTests.swift */ = {isa = PBXFileReference; lastKnownFileType = sourcecode.swift; path = SwiftUIButtonUITestsLaunchTests.swift; sourceTree = "<group>"; };
/* End PBXFileReference section */

/* Begin PBXFrameworksBuildPhase section */
		1AA39D942819D0DA00F8E3C6 /* Frameworks */ = {
			isa = PBXFrameworksBuildPhase;
			buildActionMask = 2147483647;
			files = (
			);
			runOnlyForDeploymentPostprocessing = 0;
		};
		1AA39DA42819D0DA00F8E3C6 /* Frameworks */ = {
			isa = PBXFrameworksBuildPhase;
			buildActionMask = 2147483647;
			files = (
			);
			runOnlyForDeploymentPostprocessing = 0;
		};
		1AA39DAE2819D0DA00F8E3C6 /* Frameworks */ = {
			isa = PBXFrameworksBuildPhase;
			buildActionMask = 2147483647;
			files = (
			);
			runOnlyForDeploymentPostprocessing = 0;
		};
/* End PBXFrameworksBuildPhase section */

/* Begin PBXGroup section */
		1AA39D8E2819D0DA00F8E3C6 = {
			isa = PBXGroup;
			children = (
				1AA39D992819D0DA00F8E3C6 /* SwiftUIButton */,
				1AA39DAA2819D0DA00F8E3C6 /* SwiftUIButtonTests */,
				1AA39DB42819D0DA00F8E3C6 /* SwiftUIButtonUITests */,
				1AA39D982819D0DA00F8E3C6 /* Products */,
			);
			sourceTree = "<group>";
		};
		1AA39D982819D0DA00F8E3C6 /* Products */ = {
			isa = PBXGroup;
			children = (
				1AA39D972819D0DA00F8E3C6 /* SwiftUIButton.app */,
				1AA39DA72819D0DA00F8E3C6 /* SwiftUIButtonTests.xctest */,
				1AA39DB12819D0DA00F8E3C6 /* SwiftUIButtonUITests.xctest */,
			);
			name = Products;
			sourceTree = "<group>";
		};
		1AA39D992819D0DA00F8E3C6 /* SwiftUIButton */ = {
			isa = PBXGroup;
			children = (
				1AA39D9A2819D0DA00F8E3C6 /* SwiftUIButtonApp.swift */,
				1AA39D9C2819D0DA00F8E3C6 /* ContentView.swift */,
				1AA39D9E2819D0DA00F8E3C6 /* Assets.xcassets */,
				1AA39DA02819D0DA00F8E3C6 /* Preview Content */,
			);
			path = SwiftUIButton;
			sourceTree = "<group>";
		};
		1AA39DA02819D0DA00F8E3C6 /* Preview Content */ = {
			isa = PBXGroup;
			children = (
				1AA39DA12819D0DA00F8E3C6 /* Preview Assets.xcassets */,
			);
			path = "Preview Content";
			sourceTree = "<group>";
		};
		1AA39DAA2819D0DA00F8E3C6 /* SwiftUIButtonTests */ = {
			isa = PBXGroup;
			children = (
				1AA39DAB2819D0DA00F8E3C6 /* SwiftUIButtonTests.swift */,
			);
			path = SwiftUIButtonTests;
			sourceTree = "<group>";
		};
		1AA39DB42819D0DA00F8E3C6 /* SwiftUIButtonUITests */ = {
			isa = PBXGroup;
			children = (
				1AA39DB52819D0DA00F8E3C6 /* SwiftUIButtonUITests.swift */,
				1AA39DB72819D0DA00F8E3C6 /* SwiftUIButtonUITestsLaunchTests.swift */,
			);
			path = SwiftUIButtonUITests;
			sourceTree = "<group>";
		};
/* End PBXGroup section */

/* Begin PBXNativeTarget section */
		1AA39D962819D0DA00F8E3C6 /* SwiftUIButton */ = {
			isa = PBXNativeTarget;
			buildConfigurationList = 1AA39DBB2819D0DA00F8E3C6 /* Build configuration list for PBXNativeTarget "SwiftUIButton" */;
			buildPhases = (
				1AA39D932819D0DA00F8E3C6 /* Sources */,
				1AA39D942819D0DA00F8E3C6 /* Frameworks */,
				1AA39D952819D0DA00F8E3C6 /* Resources */,
			);
			buildRules = (
			);
			dependencies = (
			);
			name = SwiftUIButton;
			productName = SwiftUIButton;
			productReference = 1AA39D972819D0DA00F8E3C6 /* SwiftUIButton.app */;
			productType = "com.apple.product-type.application";
		};
		1AA39DA62819D0DA00F8E3C6 /* SwiftUIButtonTests */ = {
			isa = PBXNativeTarget;
			buildConfigurationList = 1AA39DBE2819D0DA00F8E3C6 /* Build configuration list for PBXNativeTarget "SwiftUIButtonTests" */;
			buildPhases = (
				1AA39DA32819D0DA00F8E3C6 /* Sources */,
				1AA39DA42819D0DA00F8E3C6 /* Frameworks */,
				1AA39DA52819D0DA00F8E3C6 /* Resources */,
			);
			buildRules = (
			);
			dependencies = (
				1AA39DA92819D0DA00F8E3C6 /* PBXTargetDependency */,
			);
			name = SwiftUIButtonTests;
			productName = SwiftUIButtonTests;
			productReference = 1AA39DA72819D0DA00F8E3C6 /* SwiftUIButtonTests.xctest */;
			productType = "com.apple.product-type.bundle.unit-test";
		};
		1AA39DB02819D0DA00F8E3C6 /* SwiftUIButtonUITests */ = {
			isa = PBXNativeTarget;
			buildConfigurationList = 1AA39DC12819D0DA00F8E3C6 /* Build configuration list for PBXNativeTarget "SwiftUIButtonUITests" */;
			buildPhases = (
				1AA39DAD2819D0DA00F8E3C6 /* Sources */,
				1AA39DAE2819D0DA00F8E3C6 /* Frameworks */,
				1AA39DAF2819D0DA00F8E3C6 /* Resources */,
			);
			buildRules = (
			);
			dependencies = (
				1AA39DB32819D0DA00F8E3C6 /* PBXTargetDependency */,
			);
			name = SwiftUIButtonUITests;
			productName = SwiftUIButtonUITests;
			productReference = 1AA39DB12819D0DA00F8E3C6 /* SwiftUIButtonUITests.xctest */;
			productType = "com.apple.product-type.bundle.ui-testing";
		};
/* End PBXNativeTarget section */

/* Begin PBXProject section */
		1AA39D8F2819D0DA00F8E3C6 /* Project object */ = {
			isa = PBXProject;
			attributes = {
				BuildIndependentTargetsInParallel = 1;
				LastSwiftUpdateCheck = 1330;
				LastUpgradeCheck = 1330;
				TargetAttributes = {
					1AA39D962819D0DA00F8E3C6 = {
						CreatedOnToolsVersion = 13.3.1;
					};
					1AA39DA62819D0DA00F8E3C6 = {
						CreatedOnToolsVersion = 13.3.1;
						TestTargetID = 1AA39D962819D0DA00F8E3C6;
					};
					1AA39DB02819D0DA00F8E3C6 = {
						CreatedOnToolsVersion = 13.3.1;
						TestTargetID = 1AA39D962819D0DA00F8E3C6;
					};
				};
			};
			buildConfigurationList = 1AA39D922819D0DA00F8E3C6 /* Build configuration list for PBXProject "SwiftUIButton" */;
			compatibilityVersion = "Xcode 13.0";
			developmentRegion = en;
			hasScannedForEncodings = 0;
			knownRegions = (
				en,
				Base,
			);
			mainGroup = 1AA39D8E2819D0DA00F8E3C6;
			productRefGroup = 1AA39D982819D0DA00F8E3C6 /* Products */;
			projectDirPath = "";
			projectRoot = "";
			targets = (
				1AA39D962819D0DA00F8E3C6 /* SwiftUIButton */,
				1AA39DA62819D0DA00F8E3C6 /* SwiftUIButtonTests */,
				1AA39DB02819D0DA00F8E3C6 /* SwiftUIButtonUITests */,
			);
		};
/* End PBXProject section */

/* Begin PBXResourcesBuildPhase section */
		1AA39D952819D0DA00F8E3C6 /* Resources */ = {
			isa = PBXResourcesBuildPhase;
			buildActionMask = 2147483647;
			files = (
				1AA39DA22819D0DA00F8E3C6 /* Preview Assets.xcassets in Resources */,
				1AA39D9F2819D0DA00F8E3C6 /* Assets.xcassets in Resources */,
			);
			runOnlyForDeploymentPostprocessing = 0;
		};
		1AA39DA52819D0DA00F8E3C6 /* Resources */ = {
			isa = PBXResourcesBuildPhase;
			buildActionMask = 2147483647;
			files = (
			);
			runOnlyForDeploymentPostprocessing = 0;
		};
		1AA39DAF2819D0DA00F8E3C6 /* Resources */ = {
			isa = PBXResourcesBuildPhase;
			buildActionMask = 2147483647;
			files = (
			);
			runOnlyForDeploymentPostprocessing = 0;
		};
/* End PBXResourcesBuildPhase section */

/* Begin PBXSourcesBuildPhase section */
		1AA39D932819D0DA00F8E3C6 /* Sources */ = {
			isa = PBXSourcesBuildPhase;
			buildActionMask = 2147483647;
			files = (
				1AA39D9D2819D0DA00F8E3C6 /* ContentView.swift in Sources */,
				1AA39D9B2819D0DA00F8E3C6 /* SwiftUIButtonApp.swift in Sources */,
			);
			runOnlyForDeploymentPostprocessing = 0;
		};
		1AA39DA32819D0DA00F8E3C6 /* Sources */ = {
			isa = PBXSourcesBuildPhase;
			buildActionMask = 2147483647;
			files = (
				1AA39DAC2819D0DA00F8E3C6 /* SwiftUIButtonTests.swift in Sources */,
			);
			runOnlyForDeploymentPostprocessing = 0;
		};
		1AA39DAD2819D0DA00F8E3C6 /* Sources */ = {
			isa = PBXSourcesBuildPhase;
			buildActionMask = 2147483647;
			files = (
				1AA39DB82819D0DA00F8E3C6 /* SwiftUIButtonUITestsLaunchTests.swift in Sources */,
				1AA39DB62819D0DA00F8E3C6 /* SwiftUIButtonUITests.swift in Sources */,
			);
			runOnlyForDeploymentPostprocessing = 0;
		};
/* End PBXSourcesBuildPhase section */

/* Begin PBXTargetDependency section */
		1AA39DA92819D0DA00F8E3C6 /* PBXTargetDependency */ = {
			isa = PBXTargetDependency;
			target = 1AA39D962819D0DA00F8E3C6 /* SwiftUIButton */;
			targetProxy = 1AA39DA82819D0DA00F8E3C6 /* PBXContainerItemProxy */;
		};
		1AA39DB32819D0DA00F8E3C6 /* PBXTargetDependency */ = {
			isa = PBXTargetDependency;
			target = 1AA39D962819D0DA00F8E3C6 /* SwiftUIButton */;
			targetProxy = 1AA39DB22819D0DA00F8E3C6 /* PBXContainerItemProxy */;
		};
/* End PBXTargetDependency section */

/* Begin XCBuildConfiguration section */
		1AA39DB92819D0DA00F8E3C6 /* Debug */ = {
			isa = XCBuildConfiguration;
			buildSettings = {
				ALWAYS_SEARCH_USER_PATHS = NO;
				CLANG_ANALYZER_NONNULL = YES;
				CLANG_ANALYZER_NUMBER_OBJECT_CONVERSION = YES_AGGRESSIVE;
				CLANG_CXX_LANGUAGE_STANDARD = "gnu++17";
				CLANG_ENABLE_MODULES = YES;
				CLANG_ENABLE_OBJC_ARC = YES;
				CLANG_ENABLE_OBJC_WEAK = YES;
				CLANG_WARN_BLOCK_CAPTURE_AUTORELEASING = YES;
				CLANG_WARN_BOOL_CONVERSION = YES;
				CLANG_WARN_COMMA = YES;
				CLANG_WARN_CONSTANT_CONVERSION = YES;
				CLANG_WARN_DEPRECATED_OBJC_IMPLEMENTATIONS = YES;
				CLANG_WARN_DIRECT_OBJC_ISA_USAGE = YES_ERROR;
				CLANG_WARN_DOCUMENTATION_COMMENTS = YES;
				CLANG_WARN_EMPTY_BODY = YES;
				CLANG_WARN_ENUM_CONVERSION = YES;
				CLANG_WARN_INFINITE_RECURSION = YES;
				CLANG_WARN_INT_CONVERSION = YES;
				CLANG_WARN_NON_LITERAL_NULL_CONVERSION = YES;
				CLANG_WARN_OBJC_IMPLICIT_RETAIN_SELF = YES;
				CLANG_WARN_OBJC_LITERAL_CONVERSION = YES;
				CLANG_WARN_OBJC_ROOT_CLASS = YES_ERROR;
				CLANG_WARN_QUOTED_INCLUDE_IN_FRAMEWORK_HEADER = YES;
				CLANG_WARN_RANGE_LOOP_ANALYSIS = YES;
				CLANG_WARN_STRICT_PROTOTYPES = YES;
				CLANG_WARN_SUSPICIOUS_MOVE = YES;
				CLANG_WARN_UNGUARDED_AVAILABILITY = YES_AGGRESSIVE;
				CLANG_WARN_UNREACHABLE_CODE = YES;
				CLANG_WARN__DUPLICATE_METHOD_MATCH = YES;
				COPY_PHASE_STRIP = NO;
				DEBUG_INFORMATION_FORMAT = dwarf;
				ENABLE_STRICT_OBJC_MSGSEND = YES;
				ENABLE_TESTABILITY = YES;
				GCC_C_LANGUAGE_STANDARD = gnu11;
				GCC_DYNAMIC_NO_PIC = NO;
				GCC_NO_COMMON_BLOCKS = YES;
				GCC_OPTIMIZATION_LEVEL = 0;
				GCC_PREPROCESSOR_DEFINITIONS = (
					"DEBUG=1",
					"$(inherited)",
				);
				GCC_WARN_64_TO_32_BIT_CONVERSION = YES;
				GCC_WARN_ABOUT_RETURN_TYPE = YES_ERROR;
				GCC_WARN_UNDECLARED_SELECTOR = YES;
				GCC_WARN_UNINITIALIZED_AUTOS = YES_AGGRESSIVE;
				GCC_WARN_UNUSED_FUNCTION = YES;
				GCC_WARN_UNUSED_VARIABLE = YES;
				IPHONEOS_DEPLOYMENT_TARGET = 15.4;
				MTL_ENABLE_DEBUG_INFO = INCLUDE_SOURCE;
				MTL_FAST_MATH = YES;
				ONLY_ACTIVE_ARCH = YES;
				SDKROOT = iphoneos;
				SWIFT_ACTIVE_COMPILATION_CONDITIONS = DEBUG;
				SWIFT_OPTIMIZATION_LEVEL = "-Onone";
			};
			name = Debug;
		};
		1AA39DBA2819D0DA00F8E3C6 /* Release */ = {
			isa = XCBuildConfiguration;
			buildSettings = {
				ALWAYS_SEARCH_USER_PATHS = NO;
				CLANG_ANALYZER_NONNULL = YES;
				CLANG_ANALYZER_NUMBER_OBJECT_CONVERSION = YES_AGGRESSIVE;
				CLANG_CXX_LANGUAGE_STANDARD = "gnu++17";
				CLANG_ENABLE_MODULES = YES;
				CLANG_ENABLE_OBJC_ARC = YES;
				CLANG_ENABLE_OBJC_WEAK = YES;
				CLANG_WARN_BLOCK_CAPTURE_AUTORELEASING = YES;
				CLANG_WARN_BOOL_CONVERSION = YES;
				CLANG_WARN_COMMA = YES;
				CLANG_WARN_CONSTANT_CONVERSION = YES;
				CLANG_WARN_DEPRECATED_OBJC_IMPLEMENTATIONS = YES;
				CLANG_WARN_DIRECT_OBJC_ISA_USAGE = YES_ERROR;
				CLANG_WARN_DOCUMENTATION_COMMENTS = YES;
				CLANG_WARN_EMPTY_BODY = YES;
				CLANG_WARN_ENUM_CONVERSION = YES;
				CLANG_WARN_INFINITE_RECURSION = YES;
				CLANG_WARN_INT_CONVERSION = YES;
				CLANG_WARN_NON_LITERAL_NULL_CONVERSION = YES;
				CLANG_WARN_OBJC_IMPLICIT_RETAIN_SELF = YES;
				CLANG_WARN_OBJC_LITERAL_CONVERSION = YES;
				CLANG_WARN_OBJC_ROOT_CLASS = YES_ERROR;
				CLANG_WARN_QUOTED_INCLUDE_IN_FRAMEWORK_HEADER = YES;
				CLANG_WARN_RANGE_LOOP_ANALYSIS = YES;
				CLANG_WARN_STRICT_PROTOTYPES = YES;
				CLANG_WARN_SUSPICIOUS_MOVE = YES;
				CLANG_WARN_UNGUARDED_AVAILABILITY = YES_AGGRESSIVE;
				CLANG_WARN_UNREACHABLE_CODE = YES;
				CLANG_WARN__DUPLICATE_METHOD_MATCH = YES;
				COPY_PHASE_STRIP = NO;
				DEBUG_INFORMATION_FORMAT = "dwarf-with-dsym";
				ENABLE_NS_ASSERTIONS = NO;
				ENABLE_STRICT_OBJC_MSGSEND = YES;
				GCC_C_LANGUAGE_STANDARD = gnu11;
				GCC_NO_COMMON_BLOCKS = YES;
				GCC_WARN_64_TO_32_BIT_CONVERSION = YES;
				GCC_WARN_ABOUT_RETURN_TYPE = YES_ERROR;
				GCC_WARN_UNDECLARED_SELECTOR = YES;
				GCC_WARN_UNINITIALIZED_AUTOS = YES_AGGRESSIVE;
				GCC_WARN_UNUSED_FUNCTION = YES;
				GCC_WARN_UNUSED_VARIABLE = YES;
				IPHONEOS_DEPLOYMENT_TARGET = 15.4;
				MTL_ENABLE_DEBUG_INFO = NO;
				MTL_FAST_MATH = YES;
				SDKROOT = iphoneos;
				SWIFT_COMPILATION_MODE = wholemodule;
				SWIFT_OPTIMIZATION_LEVEL = "-O";
				VALIDATE_PRODUCT = YES;
			};
			name = Release;
		};
		1AA39DBC2819D0DA00F8E3C6 /* Debug */ = {
			isa = XCBuildConfiguration;
			buildSettings = {
				ASSETCATALOG_COMPILER_APPICON_NAME = AppIcon;
				ASSETCATALOG_COMPILER_GLOBAL_ACCENT_COLOR_NAME = AccentColor;
				CODE_SIGN_STYLE = Automatic;
				CURRENT_PROJECT_VERSION = 1;
				DEVELOPMENT_ASSET_PATHS = "\"SwiftUIButton/Preview Content\"";
				DEVELOPMENT_TEAM = 7G4A2JWWKQ;
				ENABLE_PREVIEWS = YES;
				GENERATE_INFOPLIST_FILE = YES;
				INFOPLIST_KEY_UIApplicationSceneManifest_Generation = YES;
				INFOPLIST_KEY_UIApplicationSupportsIndirectInputEvents = YES;
				INFOPLIST_KEY_UILaunchScreen_Generation = YES;
				INFOPLIST_KEY_UISupportedInterfaceOrientations_iPad = "UIInterfaceOrientationPortrait UIInterfaceOrientationPortraitUpsideDown UIInterfaceOrientationLandscapeLeft UIInterfaceOrientationLandscapeRight";
				INFOPLIST_KEY_UISupportedInterfaceOrientations_iPhone = "UIInterfaceOrientationPortrait UIInterfaceOrientationLandscapeLeft UIInterfaceOrientationLandscapeRight";
				LD_RUNPATH_SEARCH_PATHS = (
					"$(inherited)",
					"@executable_path/Frameworks",
				);
				MARKETING_VERSION = 1.0;
				PRODUCT_BUNDLE_IDENTIFIER = com.aaroncleveland.SwiftUIButton;
				PRODUCT_NAME = "$(TARGET_NAME)";
				SWIFT_EMIT_LOC_STRINGS = YES;
				SWIFT_VERSION = 5.0;
				TARGETED_DEVICE_FAMILY = "1,2";
			};
			name = Debug;
		};
		1AA39DBD2819D0DA00F8E3C6 /* Release */ = {
			isa = XCBuildConfiguration;
			buildSettings = {
				ASSETCATALOG_COMPILER_APPICON_NAME = AppIcon;
				ASSETCATALOG_COMPILER_GLOBAL_ACCENT_COLOR_NAME = AccentColor;
				CODE_SIGN_STYLE = Automatic;
				CURRENT_PROJECT_VERSION = 1;
				DEVELOPMENT_ASSET_PATHS = "\"SwiftUIButton/Preview Content\"";
				DEVELOPMENT_TEAM = 7G4A2JWWKQ;
				ENABLE_PREVIEWS = YES;
				GENERATE_INFOPLIST_FILE = YES;
				INFOPLIST_KEY_UIApplicationSceneManifest_Generation = YES;
				INFOPLIST_KEY_UIApplicationSupportsIndirectInputEvents = YES;
				INFOPLIST_KEY_UILaunchScreen_Generation = YES;
				INFOPLIST_KEY_UISupportedInterfaceOrientations_iPad = "UIInterfaceOrientationPortrait UIInterfaceOrientationPortraitUpsideDown UIInterfaceOrientationLandscapeLeft UIInterfaceOrientationLandscapeRight";
				INFOPLIST_KEY_UISupportedInterfaceOrientations_iPhone = "UIInterfaceOrientationPortrait UIInterfaceOrientationLandscapeLeft UIInterfaceOrientationLandscapeRight";
				LD_RUNPATH_SEARCH_PATHS = (
					"$(inherited)",
					"@executable_path/Frameworks",
				);
				MARKETING_VERSION = 1.0;
				PRODUCT_BUNDLE_IDENTIFIER = com.aaroncleveland.SwiftUIButton;
				PRODUCT_NAME = "$(TARGET_NAME)";
				SWIFT_EMIT_LOC_STRINGS = YES;
				SWIFT_VERSION = 5.0;
				TARGETED_DEVICE_FAMILY = "1,2";
			};
			name = Release;
		};
		1AA39DBF2819D0DA00F8E3C6 /* Debug */ = {
			isa = XCBuildConfiguration;
			buildSettings = {
				ALWAYS_EMBED_SWIFT_STANDARD_LIBRARIES = YES;
				BUNDLE_LOADER = "$(TEST_HOST)";
				CODE_SIGN_STYLE = Automatic;
				CURRENT_PROJECT_VERSION = 1;
				DEVELOPMENT_TEAM = 7G4A2JWWKQ;
				GENERATE_INFOPLIST_FILE = YES;
				IPHONEOS_DEPLOYMENT_TARGET = 15.4;
				MARKETING_VERSION = 1.0;
				PRODUCT_BUNDLE_IDENTIFIER = com.aaroncleveland.SwiftUIButtonTests;
				PRODUCT_NAME = "$(TARGET_NAME)";
				SWIFT_EMIT_LOC_STRINGS = NO;
				SWIFT_VERSION = 5.0;
				TARGETED_DEVICE_FAMILY = "1,2";
				TEST_HOST = "$(BUILT_PRODUCTS_DIR)/SwiftUIButton.app/SwiftUIButton";
			};
			name = Debug;
		};
		1AA39DC02819D0DA00F8E3C6 /* Release */ = {
			isa = XCBuildConfiguration;
			buildSettings = {
				ALWAYS_EMBED_SWIFT_STANDARD_LIBRARIES = YES;
				BUNDLE_LOADER = "$(TEST_HOST)";
				CODE_SIGN_STYLE = Automatic;
				CURRENT_PROJECT_VERSION = 1;
				DEVELOPMENT_TEAM = 7G4A2JWWKQ;
				GENERATE_INFOPLIST_FILE = YES;
				IPHONEOS_DEPLOYMENT_TARGET = 15.4;
				MARKETING_VERSION = 1.0;
				PRODUCT_BUNDLE_IDENTIFIER = com.aaroncleveland.SwiftUIButtonTests;
				PRODUCT_NAME = "$(TARGET_NAME)";
				SWIFT_EMIT_LOC_STRINGS = NO;
				SWIFT_VERSION = 5.0;
				TARGETED_DEVICE_FAMILY = "1,2";
				TEST_HOST = "$(BUILT_PRODUCTS_DIR)/SwiftUIButton.app/SwiftUIButton";
			};
			name = Release;
		};
		1AA39DC22819D0DA00F8E3C6 /* Debug */ = {
			isa = XCBuildConfiguration;
			buildSettings = {
				ALWAYS_EMBED_SWIFT_STANDARD_LIBRARIES = YES;
				CODE_SIGN_STYLE = Automatic;
				CURRENT_PROJECT_VERSION = 1;
				DEVELOPMENT_TEAM = 7G4A2JWWKQ;
				GENERATE_INFOPLIST_FILE = YES;
				MARKETING_VERSION = 1.0;
				PRODUCT_BUNDLE_IDENTIFIER = com.aaroncleveland.SwiftUIButtonUITests;
				PRODUCT_NAME = "$(TARGET_NAME)";
				SWIFT_EMIT_LOC_STRINGS = NO;
				SWIFT_VERSION = 5.0;
				TARGETED_DEVICE_FAMILY = "1,2";
				TEST_TARGET_NAME = SwiftUIButton;
			};
			name = Debug;
		};
		1AA39DC32819D0DA00F8E3C6 /* Release */ = {
			isa = XCBuildConfiguration;
			buildSettings = {
				ALWAYS_EMBED_SWIFT_STANDARD_LIBRARIES = YES;
				CODE_SIGN_STYLE = Automatic;
				CURRENT_PROJECT_VERSION = 1;
				DEVELOPMENT_TEAM = 7G4A2JWWKQ;
				GENERATE_INFOPLIST_FILE = YES;
				MARKETING_VERSION = 1.0;
				PRODUCT_BUNDLE_IDENTIFIER = com.aaroncleveland.SwiftUIButtonUITests;
				PRODUCT_NAME = "$(TARGET_NAME)";
				SWIFT_EMIT_LOC_STRINGS = NO;
				SWIFT_VERSION = 5.0;
				TARGETED_DEVICE_FAMILY = "1,2";
				TEST_TARGET_NAME = SwiftUIButton;
			};
			name = Release;
		};
/* End XCBuildConfiguration section */

/* Begin XCConfigurationList section */
		1AA39D922819D0DA00F8E3C6 /* Build configuration list for PBXProject "SwiftUIButton" */ = {
			isa = XCConfigurationList;
			buildConfigurations = (
				1AA39DB92819D0DA00F8E3C6 /* Debug */,
				1AA39DBA2819D0DA00F8E3C6 /* Release */,
			);
			defaultConfigurationIsVisible = 0;
			defaultConfigurationName = Release;
		};
		1AA39DBB2819D0DA00F8E3C6 /* Build configuration list for PBXNativeTarget "SwiftUIButton" */ = {
			isa = XCConfigurationList;
			buildConfigurations = (
				1AA39DBC2819D0DA00F8E3C6 /* Debug */,
				1AA39DBD2819D0DA00F8E3C6 /* Release */,
			);
			defaultConfigurationIsVisible = 0;
			defaultConfigurationName = Release;
		};
		1AA39DBE2819D0DA00F8E3C6 /* Build configuration list for PBXNativeTarget "SwiftUIButtonTests" */ = {
			isa = XCConfigurationList;
			buildConfigurations = (
				1AA39DBF2819D0DA00F8E3C6 /* Debug */,
				1AA39DC02819D0DA00F8E3C6 /* Release */,
			);
			defaultConfigurationIsVisible = 0;
			defaultConfigurationName = Release;
		};
		1AA39DC12819D0DA00F8E3C6 /* Build configuration list for PBXNativeTarget "SwiftUIButtonUITests" */ = {
			isa = XCConfigurationList;
			buildConfigurations = (
				1AA39DC22819D0DA00F8E3C6 /* Debug */,
				1AA39DC32819D0DA00F8E3C6 /* Release */,
			);
			defaultConfigurationIsVisible = 0;
			defaultConfigurationName = Release;
		};
/* End XCConfigurationList section */
	};
	rootObject = 1AA39D8F2819D0DA00F8E3C6 /* Project object */;
}
